{
  "nodes": {
    "flake-compat": {
      "flake": false,
      "locked": {
        "lastModified": 1673956053,
        "narHash": "sha256-4gtG9iQuiKITOjNQQeQIpoIB6b16fm+504Ch3sNKLd8=",
        "owner": "edolstra",
        "repo": "flake-compat",
        "rev": "35bb57c0c8d8b62bbfd284272c928ceb64ddbde9",
        "type": "github"
      },
      "original": {
        "owner": "edolstra",
        "repo": "flake-compat",
        "type": "github"
      }
    },
    "flake-parts": {
      "inputs": {
        "nixpkgs-lib": "nixpkgs-lib"
      },
      "locked": {
        "lastModified": 1726153070,
        "narHash": "sha256-HO4zgY0ekfwO5bX0QH/3kJ/h4KvUDFZg8YpkNwIbg1U=",
        "owner": "hercules-ci",
        "repo": "flake-parts",
        "rev": "bcef6817a8b2aa20a5a6dbb19b43e63c5bf8619a",
        "type": "github"
      },
      "original": {
        "owner": "hercules-ci",
        "repo": "flake-parts",
        "type": "github"
      }
    },
    "flake-utils": {
      "inputs": {
        "systems": "systems"
      },
      "locked": {
        "lastModified": 1685518550,
        "narHash": "sha256-o2d0KcvaXzTrPRIo0kOLV0/QXHhDQ5DTi+OxcjO8xqY=",
        "owner": "numtide",
        "repo": "flake-utils",
        "rev": "a1720a10a6cfe8234c0e93907ffe81be440f4cef",
        "type": "github"
      },
      "original": {
        "owner": "numtide",
        "repo": "flake-utils",
        "type": "github"
      }
    },
    "k0s-nix": {
      "inputs": {
        "nixpkgs": "nixpkgs"
      },
      "locked": {
        "lastModified": 1727015784,
        "narHash": "sha256-HKQ/c55xpmSkCWwuICbbDbY6LiD4mK0K/VTCF8tJsMw=",
        "owner": "volodiapg",
        "repo": "k0s-nix",
        "rev": "633a6cf600bd609948848596137f47f1bfbbd7c2",
        "type": "github"
      },
      "original": {
        "owner": "volodiapg",
        "repo": "k0s-nix",
        "type": "github"
      }
    },
    "kubenix": {
      "inputs": {
        "flake-compat": "flake-compat",
        "flake-utils": "flake-utils",
        "nixpkgs": [
          "nixpkgs"
        ],
        "treefmt": "treefmt"
      },
      "locked": {
        "lastModified": 1688704405,
        "narHash": "sha256-8G71+FaiCIfjdU7tH9qpwwgpqxvO+jianPfyJmkCB0k=",
        "owner": "hall",
        "repo": "kubenix",
        "rev": "07ba71105635877de664905afe7a7df573e607bf",
        "type": "github"
      },
      "original": {
        "owner": "hall",
        "ref": "refs/tags/0.2.0",
        "repo": "kubenix",
        "type": "github"
      }
    },
    "nixpkgs": {
      "locked": {
        "lastModified": 1719122173,
        "narHash": "sha256-aEMsNUtqSPwn6l+LIZ/rX++nCgun3E9M3uSZs6Rwb7w=",
        "owner": "NixOS",
        "repo": "nixpkgs",
        "rev": "906320ae02f769d13a646eb3605a9821df0d6ea2",
        "type": "github"
      },
      "original": {
        "owner": "NixOS",
        "ref": "nixos-23.11",
        "repo": "nixpkgs",
        "type": "github"
      }
    },
    "nixpkgs-lib": {
      "locked": {
        "lastModified": 1725233747,
        "narHash": "sha256-Ss8QWLXdr2JCBPcYChJhz4xJm+h/xjl4G0c0XlP6a74=",
        "type": "tarball",
        "url": "https://github.com/NixOS/nixpkgs/archive/356624c12086a18f2ea2825fed34523d60ccc4e3.tar.gz"
      },
      "original": {
        "type": "tarball",
        "url": "https://github.com/NixOS/nixpkgs/archive/356624c12086a18f2ea2825fed34523d60ccc4e3.tar.gz"
      }
    },
    "nixpkgs_2": {
      "locked": {
        "lastModified": 1680945546,
        "narHash": "sha256-8FuaH5t/aVi/pR1XxnF0qi4WwMYC+YxlfdsA0V+TEuQ=",
        "owner": "nixos",
        "repo": "nixpkgs",
        "rev": "d9f759f2ea8d265d974a6e1259bd510ac5844c5d",
        "type": "github"
      },
      "original": {
        "owner": "nixos",
        "ref": "nixos-unstable",
        "repo": "nixpkgs",
        "type": "github"
      }
    },
    "nixpkgs_3": {
      "locked": {
        "lastModified": 1726392453,
        "narHash": "sha256-7jEyfAC/Osn5XOkicbL5Xzng71qYb+u1hc1GrNs86Mo=",
        "owner": "NixOS",
        "repo": "nixpkgs",
        "rev": "1f3227d4dd63a5307830bd521b24a05ca741531a",
        "type": "github"
      },
      "original": {
        "owner": "NixOS",
        "ref": "nixos-unstable-small",
        "repo": "nixpkgs",
        "type": "github"
      }
    },
    "openfaas": {
      "flake": false,
      "locked": {
        "lastModified": 1697712907,
        "narHash": "sha256-4k+mFylYxKSDaUSbw5uGf8smms+GFPZxZmmS9IqOIlc=",
        "owner": "openfaas",
        "repo": "faas-netes",
        "rev": "30c8dad5a53d2a84b920a5deb94cefc91bb906a4",
        "type": "github"
      },
      "original": {
        "owner": "openfaas",
        "ref": "refs/tags/0.17.2",
        "repo": "faas-netes",
        "type": "github"
      }
    },
    "root": {
      "inputs": {
        "flake-parts": "flake-parts",
        "k0s-nix": "k0s-nix",
        "kubenix": "kubenix",
        "nixpkgs": [
          "srvos",
          "nixpkgs"
        ],
        "openfaas": "openfaas",
        "srvos": "srvos",
        "ssh-volodiapg": "ssh-volodiapg"
      }
    },
    "srvos": {
      "inputs": {
        "nixpkgs": "nixpkgs_3"
      },
      "locked": {
        "lastModified": 1726514355,
        "narHash": "sha256-rSwStimaCICZ4Reb5hBMKK0bAPpdN1V9c/5jWKUgBtE=",
        "owner": "nix-community",
        "repo": "srvos",
        "rev": "98fd0e8862bf42ba48e61b22239a861e065318fb",
        "type": "github"
      },
      "original": {
        "owner": "nix-community",
        "repo": "srvos",
        "type": "github"
      }
    },
    "ssh-volodiapg": {
      "flake": false,
      "locked": {
        "narHash": "sha256-JtNUKa2pGZue7ImEm95WIYLZb/mQitfkwlyYgi6V220=",
        "type": "file",
        "url": "https://github.com/volodiapg.keys"
      },
      "original": {
        "type": "file",
        "url": "https://github.com/volodiapg.keys"
      }
    },
    "systems": {
      "locked": {
        "lastModified": 1681028828,
        "narHash": "sha256-Vy1rq5AaRuLzOxct8nz4T6wlgyUR7zLU309k9mBC768=",
        "owner": "nix-systems",
        "repo": "default",
        "rev": "da67096a3b9bf56a91d16901293e51ba5b49a27e",
        "type": "github"
      },
      "original": {
        "owner": "nix-systems",
        "repo": "default",
        "type": "github"
      }
    },
    "treefmt": {
      "inputs": {
        "nixpkgs": "nixpkgs_2"
      },
      "locked": {
        "lastModified": 1688026376,
        "narHash": "sha256-qJmkr9BWDpqblk4E9/rCsAEl39y2n4Ycw6KRopvpUcY=",
        "owner": "numtide",
        "repo": "treefmt-nix",
        "rev": "df3f32b0cc253dfc7009b7317e8f0e7ccd70b1cf",
        "type": "github"
      },
      "original": {
        "owner": "numtide",
        "repo": "treefmt-nix",
        "type": "github"
      }
    }
  },
  "root": "root",
  "version": 7
}
